
Microsoft Visual Studio Solution File, Format Version 12.00
# Visual Studio Version 17
VisualStudioVersion = 17.10.34928.147
MinimumVisualStudioVersion = 10.0.40219.1
Project("{FAE04EC0-301F-11D3-BF4B-00C04F79EFBC}") = "CNFairBanAlliance", "CNFairBanAlliance\CNFairBanAlliance.csproj", "{F55C440B-C81A-469F-BBF6-5E1E67E8456C}"
EndProject
Global
	GlobalSection(SolutionConfigurationPlatforms) = preSolution
		Debug|Any CPU = Debug|Any CPU
		Release|Any CPU = Release|Any CPU
	EndGlobalSection
	GlobalSection(ProjectConfigurationPlatforms) = postSolution
		{F55C440B-C81A-469F-BBF6-5E1E67E8456C}.Debug|Any CPU.ActiveCfg = Debug|Any CPU
		{F55C440B-C81A-469F-BBF6-5E1E67E8456C}.Debug|Any CPU.Build.0 = Debug|Any CPU
		{F55C440B-C81A-469F-BBF6-5E1E67E8456C}.Release|Any CPU.ActiveCfg = Release|Any CPU
		{F55C440B-C81A-469F-BBF6-5E1E67E8456C}.Release|Any CPU.Build.0 = Release|Any CPU
	EndGlobalSection
	GlobalSection(SolutionProperties) = preSolution
		HideSolutionNode = FALSE
	EndGlobalSection
	GlobalSection(ExtensibilityGlobals) = postSolution
		SolutionGuid = {74C430BB-2EAA-44B3-93D6-B151A4407F88}
	EndGlobalSection
EndGlobal
